// !$*UTF8*$!
{
	archiveVersion = 1;
	classes = {
	};
	objectVersion = 48;
	objects = {

/* Begin PBXBuildFile section */
		ABC5821321B4A56600DDC094 /* ImageUtility.swift in Sources */ = {isa = PBXBuildFile; fileRef = ABC5821221B4A56600DDC094 /* ImageUtility.swift */; };
		ABC5821521B4A59F00DDC094 /* DBUtility.swift in Sources */ = {isa = PBXBuildFile; fileRef = ABC5821421B4A59F00DDC094 /* DBUtility.swift */; };
		ABC5821721B4A5BA00DDC094 /* NotificationUtility.swift in Sources */ = {isa = PBXBuildFile; fileRef = ABC5821621B4A5BA00DDC094 /* NotificationUtility.swift */; };
		ABC5821921B4A65500DDC094 /* StringFormatUtility.swift in Sources */ = {isa = PBXBuildFile; fileRef = ABC5821821B4A65500DDC094 /* StringFormatUtility.swift */; };
		ABEFC102219E51B400F23E42 /* AppDelegate.swift in Sources */ = {isa = PBXBuildFile; fileRef = ABEFC101219E51B400F23E42 /* AppDelegate.swift */; };
		ABEFC104219E51B400F23E42 /* ViewController.swift in Sources */ = {isa = PBXBuildFile; fileRef = ABEFC103219E51B400F23E42 /* ViewController.swift */; };
		ABEFC107219E51B400F23E42 /* Main.storyboard in Resources */ = {isa = PBXBuildFile; fileRef = ABEFC105219E51B400F23E42 /* Main.storyboard */; };
		ABEFC109219E51B900F23E42 /* Assets.xcassets in Resources */ = {isa = PBXBuildFile; fileRef = ABEFC108219E51B900F23E42 /* Assets.xcassets */; };
		ABEFC10C219E51B900F23E42 /* LaunchScreen.storyboard in Resources */ = {isa = PBXBuildFile; fileRef = ABEFC10A219E51B900F23E42 /* LaunchScreen.storyboard */; };
/* End PBXBuildFile section */

/* Begin PBXFileReference section */
		ABC5821221B4A56600DDC094 /* ImageUtility.swift */ = {isa = PBXFileReference; lastKnownFileType = sourcecode.swift; path = ImageUtility.swift; sourceTree = "<group>"; };
		ABC5821421B4A59F00DDC094 /* DBUtility.swift */ = {isa = PBXFileReference; lastKnownFileType = sourcecode.swift; path = DBUtility.swift; sourceTree = "<group>"; };
		ABC5821621B4A5BA00DDC094 /* NotificationUtility.swift */ = {isa = PBXFileReference; lastKnownFileType = sourcecode.swift; path = NotificationUtility.swift; sourceTree = "<group>"; };
		ABC5821821B4A65500DDC094 /* StringFormatUtility.swift */ = {isa = PBXFileReference; lastKnownFileType = sourcecode.swift; path = StringFormatUtility.swift; sourceTree = "<group>"; };
		ABEFC0FE219E51B400F23E42 /* bamzon.app */ = {isa = PBXFileReference; explicitFileType = wrapper.application; includeInIndex = 0; path = bamzon.app; sourceTree = BUILT_PRODUCTS_DIR; };
		ABEFC101219E51B400F23E42 /* AppDelegate.swift */ = {isa = PBXFileReference; lastKnownFileType = sourcecode.swift; path = AppDelegate.swift; sourceTree = "<group>"; };
		ABEFC103219E51B400F23E42 /* ViewController.swift */ = {isa = PBXFileReference; lastKnownFileType = sourcecode.swift; path = ViewController.swift; sourceTree = "<group>"; };
		ABEFC106219E51B400F23E42 /* Base */ = {isa = PBXFileReference; lastKnownFileType = file.storyboard; name = Base; path = Base.lproj/Main.storyboard; sourceTree = "<group>"; };
		ABEFC108219E51B900F23E42 /* Assets.xcassets */ = {isa = PBXFileReference; lastKnownFileType = folder.assetcatalog; path = Assets.xcassets; sourceTree = "<group>"; };
		ABEFC10B219E51B900F23E42 /* Base */ = {isa = PBXFileReference; lastKnownFileType = file.storyboard; name = Base; path = Base.lproj/LaunchScreen.storyboard; sourceTree = "<group>"; };
		ABEFC10D219E51B900F23E42 /* Info.plist */ = {isa = PBXFileReference; lastKnownFileType = text.plist.xml; path = Info.plist; sourceTree = "<group>"; };
/* End PBXFileReference section */

/* Begin PBXFrameworksBuildPhase section */
		ABEFC0FB219E51B400F23E42 /* Frameworks */ = {
			isa = PBXFrameworksBuildPhase;
			buildActionMask = 2147483647;
			files = (
			);
			runOnlyForDeploymentPostprocessing = 0;
		};
/* End PBXFrameworksBuildPhase section */

/* Begin PBXGroup section */
		ABC5820E21B4A47B00DDC094 /* Models */ = {
			isa = PBXGroup;
			children = (
			);
			path = Models;
			sourceTree = "<group>";
		};
		ABC5820F21B4A48900DDC094 /* ViewModels */ = {
			isa = PBXGroup;
			children = (
			);
			path = ViewModels;
			sourceTree = "<group>";
		};
		ABC5821021B4A49A00DDC094 /* ViewControllers */ = {
			isa = PBXGroup;
			children = (
			);
			path = ViewControllers;
			sourceTree = "<group>";
		};
		ABC5821121B4A4A100DDC094 /* Utilities */ = {
			isa = PBXGroup;
			children = (
				ABC5821221B4A56600DDC094 /* ImageUtility.swift */,
				ABC5821421B4A59F00DDC094 /* DBUtility.swift */,
				ABC5821621B4A5BA00DDC094 /* NotificationUtility.swift */,
				ABC5821821B4A65500DDC094 /* StringFormatUtility.swift */,
			);
			path = Utilities;
			sourceTree = "<group>";
		};
		ABEFC0F5219E51B400F23E42 = {
			isa = PBXGroup;
			children = (
				ABEFC100219E51B400F23E42 /* bamzon */,
				ABEFC0FF219E51B400F23E42 /* Products */,
			);
			sourceTree = "<group>";
		};
		ABEFC0FF219E51B400F23E42 /* Products */ = {
			isa = PBXGroup;
			children = (
				ABEFC0FE219E51B400F23E42 /* bamzon.app */,
			);
			name = Products;
			sourceTree = "<group>";
		};
		ABEFC100219E51B400F23E42 /* bamzon */ = {
			isa = PBXGroup;
			children = (
				ABC5820E21B4A47B00DDC094 /* Models */,
				ABC5820F21B4A48900DDC094 /* ViewModels */,
				ABC5821021B4A49A00DDC094 /* ViewControllers */,
				ABC5821121B4A4A100DDC094 /* Utilities */,
				ABEFC101219E51B400F23E42 /* AppDelegate.swift */,
				ABEFC103219E51B400F23E42 /* ViewController.swift */,
				ABEFC105219E51B400F23E42 /* Main.storyboard */,
				ABEFC108219E51B900F23E42 /* Assets.xcassets */,
				ABEFC10A219E51B900F23E42 /* LaunchScreen.storyboard */,
				ABEFC10D219E51B900F23E42 /* Info.plist */,
			);
			path = bamzon;
			sourceTree = "<group>";
		};
/* End PBXGroup section */

/* Begin PBXNativeTarget section */
		ABEFC0FD219E51B400F23E42 /* bamzon */ = {
			isa = PBXNativeTarget;
			buildConfigurationList = ABEFC110219E51B900F23E42 /* Build configuration list for PBXNativeTarget "bamzon" */;
			buildPhases = (
				ABEFC0FA219E51B400F23E42 /* Sources */,
				ABEFC0FB219E51B400F23E42 /* Frameworks */,
				ABEFC0FC219E51B400F23E42 /* Resources */,
			);
			buildRules = (
			);
			dependencies = (
			);
			name = bamzon;
			productName = bamzon;
			productReference = ABEFC0FE219E51B400F23E42 /* bamzon.app */;
			productType = "com.apple.product-type.application";
		};
/* End PBXNativeTarget section */

/* Begin PBXProject section */
		ABEFC0F6219E51B400F23E42 /* Project object */ = {
			isa = PBXProject;
			attributes = {
				LastSwiftUpdateCheck = 0940;
				LastUpgradeCheck = 0940;
				ORGANIZATIONNAME = bamzon;
				TargetAttributes = {
					ABEFC0FD219E51B400F23E42 = {
						CreatedOnToolsVersion = 9.4.1;
						ProvisioningStyle = Automatic;
					};
				};
			};
			buildConfigurationList = ABEFC0F9219E51B400F23E42 /* Build configuration list for PBXProject "bamzon" */;
			compatibilityVersion = "Xcode 8.0";
			developmentRegion = en;
			hasScannedForEncodings = 0;
			knownRegions = (
				en,
				Base,
			);
			mainGroup = ABEFC0F5219E51B400F23E42;
			productRefGroup = ABEFC0FF219E51B400F23E42 /* Products */;
			projectDirPath = "";
			projectRoot = "";
			targets = (
				ABEFC0FD219E51B400F23E42 /* bamzon */,
			);
		};
/* End PBXProject section */

/* Begin PBXResourcesBuildPhase section */
		ABEFC0FC219E51B400F23E42 /* Resources */ = {
			isa = PBXResourcesBuildPhase;
			buildActionMask = 2147483647;
			files = (
				ABEFC10C219E51B900F23E42 /* LaunchScreen.storyboard in Resources */,
				ABEFC109219E51B900F23E42 /* Assets.xcassets in Resources */,
				ABEFC107219E51B400F23E42 /* Main.storyboard in Resources */,
			);
			runOnlyForDeploymentPostprocessing = 0;
		};
/* End PBXResourcesBuildPhase section */

/* Begin PBXSourcesBuildPhase section */
		ABEFC0FA219E51B400F23E42 /* Sources */ = {
			isa = PBXSourcesBuildPhase;
			buildActionMask = 2147483647;
			files = (
				ABC5821521B4A59F00DDC094 /* DBUtility.swift in Sources */,
				ABC5821721B4A5BA00DDC094 /* NotificationUtility.swift in Sources */,
				ABEFC104219E51B400F23E42 /* ViewController.swift in Sources */,
				ABEFC102219E51B400F23E42 /* AppDelegate.swift in Sources */,
				ABC5821921B4A65500DDC094 /* StringFormatUtility.swift in Sources */,
				ABC5821321B4A56600DDC094 /* ImageUtility.swift in Sources */,
			);
			runOnlyForDeploymentPostprocessing = 0;
		};
/* End PBXSourcesBuildPhase section */

/* Begin PBXVariantGroup section */
		ABEFC105219E51B400F23E42 /* Main.storyboard */ = {
			isa = PBXVariantGroup;
			children = (
				ABEFC106219E51B400F23E42 /* Base */,
			);
			name = Main.storyboard;
			sourceTree = "<group>";
		};
		ABEFC10A219E51B900F23E42 /* LaunchScreen.storyboard */ = {
			isa = PBXVariantGroup;
			children = (
				ABEFC10B219E51B900F23E42 /* Base */,
			);
			name = LaunchScreen.storyboard;
			sourceTree = "<group>";
		};
/* End PBXVariantGroup section */

/* Begin XCBuildConfiguration section */
		ABEFC10E219E51B900F23E42 /* Debug */ = {
			isa = XCBuildConfiguration;
			buildSettings = {
				ALWAYS_SEARCH_USER_PATHS = NO;
				CLANG_ANALYZER_NONNULL = YES;
				CLANG_ANALYZER_NUMBER_OBJECT_CONVERSION = YES_AGGRESSIVE;
				CLANG_CXX_LANGUAGE_STANDARD = "gnu++14";
				CLANG_CXX_LIBRARY = "libc++";
				CLANG_ENABLE_MODULES = YES;
				CLANG_ENABLE_OBJC_ARC = YES;
				CLANG_ENABLE_OBJC_WEAK = YES;
				CLANG_WARN_BLOCK_CAPTURE_AUTORELEASING = YES;
				CLANG_WARN_BOOL_CONVERSION = YES;
				CLANG_WARN_COMMA = YES;
				CLANG_WARN_CONSTANT_CONVERSION = YES;
				CLANG_WARN_DEPRECATED_OBJC_IMPLEMENTATIONS = YES;
				CLANG_WARN_DIRECT_OBJC_ISA_USAGE = YES_ERROR;
				CLANG_WARN_DOCUMENTATION_COMMENTS = YES;
				CLANG_WARN_EMPTY_BODY = YES;
				CLANG_WARN_ENUM_CONVERSION = YES;
				CLANG_WARN_INFINITE_RECURSION = YES;
				CLANG_WARN_INT_CONVERSION = YES;
				CLANG_WARN_NON_LITERAL_NULL_CONVERSION = YES;
				CLANG_WARN_OBJC_IMPLICIT_RETAIN_SELF = YES;
				CLANG_WARN_OBJC_LITERAL_CONVERSION = YES;
				CLANG_WARN_OBJC_ROOT_CLASS = YES_ERROR;
				CLANG_WARN_RANGE_LOOP_ANALYSIS = YES;
				CLANG_WARN_STRICT_PROTOTYPES = YES;
				CLANG_WARN_SUSPICIOUS_MOVE = YES;
				CLANG_WARN_UNGUARDED_AVAILABILITY = YES_AGGRESSIVE;
				CLANG_WARN_UNREACHABLE_CODE = YES;
				CLANG_WARN__DUPLICATE_METHOD_MATCH = YES;
				CODE_SIGN_IDENTITY = "iPhone Developer";
				COPY_PHASE_STRIP = NO;
				DEBUG_INFORMATION_FORMAT = dwarf;
				ENABLE_STRICT_OBJC_MSGSEND = YES;
				ENABLE_TESTABILITY = YES;
				GCC_C_LANGUAGE_STANDARD = gnu11;
				GCC_DYNAMIC_NO_PIC = NO;
				GCC_NO_COMMON_BLOCKS = YES;
				GCC_OPTIMIZATION_LEVEL = 0;
				GCC_PREPROCESSOR_DEFINITIONS = (
					"DEBUG=1",
					"$(inherited)",
				);
				GCC_WARN_64_TO_32_BIT_CONVERSION = YES;
				GCC_WARN_ABOUT_RETURN_TYPE = YES_ERROR;
				GCC_WARN_UNDECLARED_SELECTOR = YES;
				GCC_WARN_UNINITIALIZED_AUTOS = YES_AGGRESSIVE;
				GCC_WARN_UNUSED_FUNCTION = YES;
				GCC_WARN_UNUSED_VARIABLE = YES;
				IPHONEOS_DEPLOYMENT_TARGET = 11.4;
				MTL_ENABLE_DEBUG_INFO = YES;
				ONLY_ACTIVE_ARCH = YES;
				SDKROOT = iphoneos;
				SWIFT_ACTIVE_COMPILATION_CONDITIONS = DEBUG;
				SWIFT_OPTIMIZATION_LEVEL = "-Onone";
			};
			name = Debug;
		};
		ABEFC10F219E51B900F23E42 /* Release */ = {
			isa = XCBuildConfiguration;
			buildSettings = {
				ALWAYS_SEARCH_USER_PATHS = NO;
				CLANG_ANALYZER_NONNULL = YES;
				CLANG_ANALYZER_NUMBER_OBJECT_CONVERSION = YES_AGGRESSIVE;
				CLANG_CXX_LANGUAGE_STANDARD = "gnu++14";
				CLANG_CXX_LIBRARY = "libc++";
				CLANG_ENABLE_MODULES = YES;
				CLANG_ENABLE_OBJC_ARC = YES;
				CLANG_ENABLE_OBJC_WEAK = YES;
				CLANG_WARN_BLOCK_CAPTURE_AUTORELEASING = YES;
				CLANG_WARN_BOOL_CONVERSION = YES;
				CLANG_WARN_COMMA = YES;
				CLANG_WARN_CONSTANT_CONVERSION = YES;
				CLANG_WARN_DEPRECATED_OBJC_IMPLEMENTATIONS = YES;
				CLANG_WARN_DIRECT_OBJC_ISA_USAGE = YES_ERROR;
				CLANG_WARN_DOCUMENTATION_COMMENTS = YES;
				CLANG_WARN_EMPTY_BODY = YES;
				CLANG_WARN_ENUM_CONVERSION = YES;
				CLANG_WARN_INFINITE_RECURSION = YES;
				CLANG_WARN_INT_CONVERSION = YES;
				CLANG_WARN_NON_LITERAL_NULL_CONVERSION = YES;
				CLANG_WARN_OBJC_IMPLICIT_RETAIN_SELF = YES;
				CLANG_WARN_OBJC_LITERAL_CONVERSION = YES;
				CLANG_WARN_OBJC_ROOT_CLASS = YES_ERROR;
				CLANG_WARN_RANGE_LOOP_ANALYSIS = YES;
				CLANG_WARN_STRICT_PROTOTYPES = YES;
				CLANG_WARN_SUSPICIOUS_MOVE = YES;
				CLANG_WARN_UNGUARDED_AVAILABILITY = YES_AGGRESSIVE;
				CLANG_WARN_UNREACHABLE_CODE = YES;
				CLANG_WARN__DUPLICATE_METHOD_MATCH = YES;
				CODE_SIGN_IDENTITY = "iPhone Developer";
				COPY_PHASE_STRIP = NO;
				DEBUG_INFORMATION_FORMAT = "dwarf-with-dsym";
				ENABLE_NS_ASSERTIONS = NO;
				ENABLE_STRICT_OBJC_MSGSEND = YES;
				GCC_C_LANGUAGE_STANDARD = gnu11;
				GCC_NO_COMMON_BLOCKS = YES;
				GCC_WARN_64_TO_32_BIT_CONVERSION = YES;
				GCC_WARN_ABOUT_RETURN_TYPE = YES_ERROR;
				GCC_WARN_UNDECLARED_SELECTOR = YES;
				GCC_WARN_UNINITIALIZED_AUTOS = YES_AGGRESSIVE;
				GCC_WARN_UNUSED_FUNCTION = YES;
				GCC_WARN_UNUSED_VARIABLE = YES;
				IPHONEOS_DEPLOYMENT_TARGET = 11.4;
				MTL_ENABLE_DEBUG_INFO = NO;
				SDKROOT = iphoneos;
				SWIFT_OPTIMIZATION_LEVEL = "-Owholemodule";
				VALIDATE_PRODUCT = YES;
			};
			name = Release;
		};
		ABEFC111219E51B900F23E42 /* Debug */ = {
			isa = XCBuildConfiguration;
			buildSettings = {
				ASSETCATALOG_COMPILER_APPICON_NAME = AppIcon;
				CODE_SIGN_STYLE = Automatic;
				INFOPLIST_FILE = bamzon/Info.plist;
				LD_RUNPATH_SEARCH_PATHS = "$(inherited) @executable_path/Frameworks";
				PRODUCT_BUNDLE_IDENTIFIER = edu.calpoly.bamzon.bamzon;
				PRODUCT_NAME = "$(TARGET_NAME)";
				SWIFT_VERSION = 4.0;
				TARGETED_DEVICE_FAMILY = "1,2";
			};
			name = Debug;
		};
		ABEFC112219E51B900F23E42 /* Release */ = {
			isa = XCBuildConfiguration;
			buildSettings = {
				ASSETCATALOG_COMPILER_APPICON_NAME = AppIcon;
				CODE_SIGN_STYLE = Automatic;
				INFOPLIST_FILE = bamzon/Info.plist;
				LD_RUNPATH_SEARCH_PATHS = "$(inherited) @executable_path/Frameworks";
				PRODUCT_BUNDLE_IDENTIFIER = edu.calpoly.bamzon.bamzon;
				PRODUCT_NAME = "$(TARGET_NAME)";
				SWIFT_VERSION = 4.0;
				TARGETED_DEVICE_FAMILY = "1,2";
			};
			name = Release;
		};
/* End XCBuildConfiguration section */

/* Begin XCConfigurationList section */
		ABEFC0F9219E51B400F23E42 /* Build configuration list for PBXProject "bamzon" */ = {
			isa = XCConfigurationList;
			buildConfigurations = (
				ABEFC10E219E51B900F23E42 /* Debug */,
				ABEFC10F219E51B900F23E42 /* Release */,
			);
			defaultConfigurationIsVisible = 0;
			defaultConfigurationName = Release;
		};
		ABEFC110219E51B900F23E42 /* Build configuration list for PBXNativeTarget "bamzon" */ = {
			isa = XCConfigurationList;
			buildConfigurations = (
				ABEFC111219E51B900F23E42 /* Debug */,
				ABEFC112219E51B900F23E42 /* Release */,
			);
			defaultConfigurationIsVisible = 0;
			defaultConfigurationName = Release;
		};
/* End XCConfigurationList section */
	};
	rootObject = ABEFC0F6219E51B400F23E42 /* Project object */;
}
